# This file is automatically @generated by Cargo.
# It is not intended for manual editing.
version = 4

[[package]]
name = "vise-ast"
version = "0.1.0"
dependencies = [
 "vise-diag",
]

[[package]]
name = "vise-check"
version = "0.1.0"
dependencies = [
 "vise-ast",
 "vise-diag",
 "vise-parse",
]

[[package]]
name = "vise-cli"
version = "0.1.0"
dependencies = [
 "vise-ast",
 "vise-check",
 "vise-codegen",
 "vise-diag",
 "vise-fmt",
 "vise-interp",
 "vise-ir",
 "vise-lex",
 "vise-parse",
]

[[package]]
name = "vise-codegen"
version = "0.1.0"
dependencies = [
 "vise-ast",
 "vise-check",
 "vise-diag",
 "vise-interp",
 "vise-parse",
]

[[package]]
name = "vise-diag"
version = "0.1.0"

[[package]]
name = "vise-fmt"
version = "0.1.0"
dependencies = [
 "vise-ast",
 "vise-diag",
 "vise-parse",
]

[[package]]
name = "vise-interp"
version = "0.1.0"
dependencies = [
 "vise-ast",
 "vise-check",
 "vise-diag",
 "vise-parse",
]

[[package]]
name = "vise-ir"
version = "0.1.0"
dependencies = [
 "vise-ast",
]

[[package]]
name = "vise-lex"
version = "0.1.0"
dependencies = [
 "vise-diag",
]

[[package]]
name = "vise-parse"
version = "0.1.0"
dependencies = [
 "vise-ast",
 "vise-diag",
 "vise-lex",
]

[[package]]
name = "vise-runtime"
version = "0.1.0"
dependencies = [
 "vise-ast",
]
